
Microsoft Visual Studio Solution File, Format Version 12.00
# Visual Studio Version 16
VisualStudioVersion = 16.0.29215.179
MinimumVisualStudioVersion = 10.0.40219.1
Project("{FAE04EC0-301F-11D3-BF4B-00C04F79EFBC}") = "FoodRating", "FoodRating.csproj", "{831DBB5E-E694-4304-BC18-0A1C70E4CE11}"
EndProject
Global
	GlobalSection(SolutionConfigurationPlatforms) = preSolution
		Debug|Any CPU = Debug|Any CPU
		Release|Any CPU = Release|Any CPU
	EndGlobalSection
	GlobalSection(ProjectConfigurationPlatforms) = postSolution
		{831DBB5E-E694-4304-BC18-0A1C70E4CE11}.Debug|Any CPU.ActiveCfg = Debug|Any CPU
		{831DBB5E-E694-4304-BC18-0A1C70E4CE11}.Debug|Any CPU.Build.0 = Debug|Any CPU
		{831DBB5E-E694-4304-BC18-0A1C70E4CE11}.Release|Any CPU.ActiveCfg = Release|Any CPU
		{831DBB5E-E694-4304-BC18-0A1C70E4CE11}.Release|Any CPU.Build.0 = Release|Any CPU
	EndGlobalSection
	GlobalSection(SolutionProperties) = preSolution
		HideSolutionNode = FALSE
	EndGlobalSection
	GlobalSection(ExtensibilityGlobals) = postSolution
		SolutionGuid = {419213FF-85EA-4306-A617-324CF989D5FF}
	EndGlobalSection
EndGlobal
